github.com/hungryram/vesper-main-template-module v0.0.0-20220227223321-f8ec5e2dc795 h1:ePKzzodFmrSpHkQ8hT10Aljeoa+MhYzwal20kfAPrbo=
github.com/hungryram/vesper-main-template-module v0.0.0-20220227223321-f8ec5e2dc795/go.mod h1:Kzv6mXUhWwAvLcFAg6Nymg6JySHw6BRX3wP5MP+ysAA=
github.com/hungryram/vesper-main-template-module v0.0.0-20220227235420-9d7f0133ddc6 h1:SHkJpm0XY/XEG5SzGjaQxP1MG5qIvtHgpMLqxHHvHEM=
github.com/hungryram/vesper-main-template-module v0.0.0-20220227235420-9d7f0133ddc6/go.mod h1:Kzv6mXUhWwAvLcFAg6Nymg6JySHw6BRX3wP5MP+ysAA=
github.com/hungryram/vesper-main-template-module v0.0.0-20220228000226-ce5bde69bd96 h1:7RhBrM3kh9NMy41ARbR0R+K9i1TY3LTslrl2IpffmK0=
github.com/hungryram/vesper-main-template-module v0.0.0-20220228000226-ce5bde69bd96/go.mod h1:Kzv6mXUhWwAvLcFAg6Nymg6JySHw6BRX3wP5MP+ysAA=
github.com/hungryram/vesper-main-template-module v0.0.0-20220228000548-27af37e57380 h1:k8w3gwcwhD1AXFo1jRxyd6hmwQpMw4GLbB95J/t8TL8=
github.com/hungryram/vesper-main-template-module v0.0.0-20220228000548-27af37e57380/go.mod h1:Kzv6mXUhWwAvLcFAg6Nymg6JySHw6BRX3wP5MP+ysAA=
